
Microsoft Visual Studio Solution File, Format Version 12.00
# Visual Studio Version 16
VisualStudioVersion = 16.0.30717.126
MinimumVisualStudioVersion = 10.0.40219.1
Project("{FAE04EC0-301F-11D3-BF4B-00C04F79EFBC}") = "MasterMindWPF", "MasterMindWPF\MasterMindWPF.csproj", "{BA7E4ADF-0FBD-4658-8746-6CB702392892}"
EndProject
Global
	GlobalSection(SolutionConfigurationPlatforms) = preSolution
		Debug|Any CPU = Debug|Any CPU
		Release|Any CPU = Release|Any CPU
	EndGlobalSection
	GlobalSection(ProjectConfigurationPlatforms) = postSolution
		{BA7E4ADF-0FBD-4658-8746-6CB702392892}.Debug|Any CPU.ActiveCfg = Debug|Any CPU
		{BA7E4ADF-0FBD-4658-8746-6CB702392892}.Debug|Any CPU.Build.0 = Debug|Any CPU
		{BA7E4ADF-0FBD-4658-8746-6CB702392892}.Release|Any CPU.ActiveCfg = Release|Any CPU
		{BA7E4ADF-0FBD-4658-8746-6CB702392892}.Release|Any CPU.Build.0 = Release|Any CPU
	EndGlobalSection
	GlobalSection(SolutionProperties) = preSolution
		HideSolutionNode = FALSE
	EndGlobalSection
	GlobalSection(ExtensibilityGlobals) = postSolution
		SolutionGuid = {F418EE3C-7CA0-443D-B74B-F1C5F2413F12}
	EndGlobalSection
EndGlobal
